// !$*UTF8*$!
{
	archiveVersion = 1;
	classes = {
	};
	objectVersion = 50;
	objects = {

/* Begin PBXBuildFile section */
		CE69CE832690AF4D0031967C /* ListRowView.swift in Sources */ = {isa = PBXBuildFile; fileRef = CE69CE822690AF4D0031967C /* ListRowView.swift */; };
		CE69CE852690B39D0031967C /* AddView.swift in Sources */ = {isa = PBXBuildFile; fileRef = CE69CE842690B39D0031967C /* AddView.swift */; };
		CE69CE882690BAD20031967C /* Item.swift in Sources */ = {isa = PBXBuildFile; fileRef = CE69CE872690BAD20031967C /* Item.swift */; };
		CE69CE8B2690C3150031967C /* ListViewModel.swift in Sources */ = {isa = PBXBuildFile; fileRef = CE69CE8A2690C3150031967C /* ListViewModel.swift */; };
		CE76564A2690A9370052CA49 /* SimpleNoteApp.swift in Sources */ = {isa = PBXBuildFile; fileRef = CE7656492690A9370052CA49 /* SimpleNoteApp.swift */; };
		CE76564E2690A93A0052CA49 /* Assets.xcassets in Resources */ = {isa = PBXBuildFile; fileRef = CE76564D2690A93A0052CA49 /* Assets.xcassets */; };
		CE7656512690A93A0052CA49 /* Preview Assets.xcassets in Resources */ = {isa = PBXBuildFile; fileRef = CE7656502690A93A0052CA49 /* Preview Assets.xcassets */; };
		CE76565A2690AAD90052CA49 /* ListView.swift in Sources */ = {isa = PBXBuildFile; fileRef = CE7656592690AAD90052CA49 /* ListView.swift */; };
/* End PBXBuildFile section */

/* Begin PBXFileReference section */
		CE69CE822690AF4D0031967C /* ListRowView.swift */ = {isa = PBXFileReference; lastKnownFileType = sourcecode.swift; path = ListRowView.swift; sourceTree = "<group>"; };
		CE69CE842690B39D0031967C /* AddView.swift */ = {isa = PBXFileReference; lastKnownFileType = sourcecode.swift; path = AddView.swift; sourceTree = "<group>"; };
		CE69CE872690BAD20031967C /* Item.swift */ = {isa = PBXFileReference; lastKnownFileType = sourcecode.swift; path = Item.swift; sourceTree = "<group>"; };
		CE69CE8A2690C3150031967C /* ListViewModel.swift */ = {isa = PBXFileReference; lastKnownFileType = sourcecode.swift; path = ListViewModel.swift; sourceTree = "<group>"; };
		CE7656462690A9370052CA49 /* SimpleNote.app */ = {isa = PBXFileReference; explicitFileType = wrapper.application; includeInIndex = 0; path = SimpleNote.app; sourceTree = BUILT_PRODUCTS_DIR; };
		CE7656492690A9370052CA49 /* SimpleNoteApp.swift */ = {isa = PBXFileReference; lastKnownFileType = sourcecode.swift; path = SimpleNoteApp.swift; sourceTree = "<group>"; };
		CE76564D2690A93A0052CA49 /* Assets.xcassets */ = {isa = PBXFileReference; lastKnownFileType = folder.assetcatalog; path = Assets.xcassets; sourceTree = "<group>"; };
		CE7656502690A93A0052CA49 /* Preview Assets.xcassets */ = {isa = PBXFileReference; lastKnownFileType = folder.assetcatalog; path = "Preview Assets.xcassets"; sourceTree = "<group>"; };
		CE7656522690A93A0052CA49 /* Info.plist */ = {isa = PBXFileReference; lastKnownFileType = text.plist.xml; path = Info.plist; sourceTree = "<group>"; };
		CE7656592690AAD90052CA49 /* ListView.swift */ = {isa = PBXFileReference; lastKnownFileType = sourcecode.swift; path = ListView.swift; sourceTree = "<group>"; };
/* End PBXFileReference section */

/* Begin PBXFrameworksBuildPhase section */
		CE7656432690A9370052CA49 /* Frameworks */ = {
			isa = PBXFrameworksBuildPhase;
			buildActionMask = 2147483647;
			files = (
			);
			runOnlyForDeploymentPostprocessing = 0;
		};
/* End PBXFrameworksBuildPhase section */

/* Begin PBXGroup section */
		CE69CE862690BAB10031967C /* Models */ = {
			isa = PBXGroup;
			children = (
				CE69CE872690BAD20031967C /* Item.swift */,
			);
			path = Models;
			sourceTree = "<group>";
		};
		CE69CE892690C2D50031967C /* ViewModels */ = {
			isa = PBXGroup;
			children = (
				CE69CE8A2690C3150031967C /* ListViewModel.swift */,
			);
			path = ViewModels;
			sourceTree = "<group>";
		};
		CE76563D2690A9370052CA49 = {
			isa = PBXGroup;
			children = (
				CE7656482690A9370052CA49 /* SimpleNote */,
				CE7656472690A9370052CA49 /* Products */,
			);
			sourceTree = "<group>";
		};
		CE7656472690A9370052CA49 /* Products */ = {
			isa = PBXGroup;
			children = (
				CE7656462690A9370052CA49 /* SimpleNote.app */,
			);
			name = Products;
			sourceTree = "<group>";
		};
		CE7656482690A9370052CA49 /* SimpleNote */ = {
			isa = PBXGroup;
			children = (
				CE7656492690A9370052CA49 /* SimpleNoteApp.swift */,
				CE69CE862690BAB10031967C /* Models */,
				CE69CE892690C2D50031967C /* ViewModels */,
				CE7656582690AA5E0052CA49 /* Views */,
				CE76564D2690A93A0052CA49 /* Assets.xcassets */,
				CE7656522690A93A0052CA49 /* Info.plist */,
				CE76564F2690A93A0052CA49 /* Preview Content */,
			);
			path = SimpleNote;
			sourceTree = "<group>";
		};
		CE76564F2690A93A0052CA49 /* Preview Content */ = {
			isa = PBXGroup;
			children = (
				CE7656502690A93A0052CA49 /* Preview Assets.xcassets */,
			);
			path = "Preview Content";
			sourceTree = "<group>";
		};
		CE7656582690AA5E0052CA49 /* Views */ = {
			isa = PBXGroup;
			children = (
				CE7656592690AAD90052CA49 /* ListView.swift */,
				CE69CE822690AF4D0031967C /* ListRowView.swift */,
				CE69CE842690B39D0031967C /* AddView.swift */,
			);
			path = Views;
			sourceTree = "<group>";
		};
/* End PBXGroup section */

/* Begin PBXNativeTarget section */
		CE7656452690A9370052CA49 /* SimpleNote */ = {
			isa = PBXNativeTarget;
			buildConfigurationList = CE7656552690A93B0052CA49 /* Build configuration list for PBXNativeTarget "SimpleNote" */;
			buildPhases = (
				CE7656422690A9370052CA49 /* Sources */,
				CE7656432690A9370052CA49 /* Frameworks */,
				CE7656442690A9370052CA49 /* Resources */,
			);
			buildRules = (
			);
			dependencies = (
			);
			name = SimpleNote;
			productName = SimpleNote;
			productReference = CE7656462690A9370052CA49 /* SimpleNote.app */;
			productType = "com.apple.product-type.application";
		};
/* End PBXNativeTarget section */

/* Begin PBXProject section */
		CE76563E2690A9370052CA49 /* Project object */ = {
			isa = PBXProject;
			attributes = {
				LastSwiftUpdateCheck = 1250;
				LastUpgradeCheck = 1250;
				TargetAttributes = {
					CE7656452690A9370052CA49 = {
						CreatedOnToolsVersion = 12.5;
					};
				};
			};
			buildConfigurationList = CE7656412690A9370052CA49 /* Build configuration list for PBXProject "SimpleNote" */;
			compatibilityVersion = "Xcode 9.3";
			developmentRegion = en;
			hasScannedForEncodings = 0;
			knownRegions = (
				en,
				Base,
			);
			mainGroup = CE76563D2690A9370052CA49;
			productRefGroup = CE7656472690A9370052CA49 /* Products */;
			projectDirPath = "";
			projectRoot = "";
			targets = (
				CE7656452690A9370052CA49 /* SimpleNote */,
			);
		};
/* End PBXProject section */

/* Begin PBXResourcesBuildPhase section */
		CE7656442690A9370052CA49 /* Resources */ = {
			isa = PBXResourcesBuildPhase;
			buildActionMask = 2147483647;
			files = (
				CE7656512690A93A0052CA49 /* Preview Assets.xcassets in Resources */,
				CE76564E2690A93A0052CA49 /* Assets.xcassets in Resources */,
			);
			runOnlyForDeploymentPostprocessing = 0;
		};
/* End PBXResourcesBuildPhase section */

/* Begin PBXSourcesBuildPhase section */
		CE7656422690A9370052CA49 /* Sources */ = {
			isa = PBXSourcesBuildPhase;
			buildActionMask = 2147483647;
			files = (
				CE69CE882690BAD20031967C /* Item.swift in Sources */,
				CE69CE852690B39D0031967C /* AddView.swift in Sources */,
				CE69CE8B2690C3150031967C /* ListViewModel.swift in Sources */,
				CE76565A2690AAD90052CA49 /* ListView.swift in Sources */,
				CE76564A2690A9370052CA49 /* SimpleNoteApp.swift in Sources */,
				CE69CE832690AF4D0031967C /* ListRowView.swift in Sources */,
			);
			runOnlyForDeploymentPostprocessing = 0;
		};
/* End PBXSourcesBuildPhase section */

/* Begin XCBuildConfiguration section */
		CE7656532690A93B0052CA49 /* Debug */ = {
			isa = XCBuildConfiguration;
			buildSettings = {
				ALWAYS_SEARCH_USER_PATHS = NO;
				CLANG_ANALYZER_NONNULL = YES;
				CLANG_ANALYZER_NUMBER_OBJECT_CONVERSION = YES_AGGRESSIVE;
				CLANG_CXX_LANGUAGE_STANDARD = "gnu++14";
				CLANG_CXX_LIBRARY = "libc++";
				CLANG_ENABLE_MODULES = YES;
				CLANG_ENABLE_OBJC_ARC = YES;
				CLANG_ENABLE_OBJC_WEAK = YES;
				CLANG_WARN_BLOCK_CAPTURE_AUTORELEASING = YES;
				CLANG_WARN_BOOL_CONVERSION = YES;
				CLANG_WARN_COMMA = YES;
				CLANG_WARN_CONSTANT_CONVERSION = YES;
				CLANG_WARN_DEPRECATED_OBJC_IMPLEMENTATIONS = YES;
				CLANG_WARN_DIRECT_OBJC_ISA_USAGE = YES_ERROR;
				CLANG_WARN_DOCUMENTATION_COMMENTS = YES;
				CLANG_WARN_EMPTY_BODY = YES;
				CLANG_WARN_ENUM_CONVERSION = YES;
				CLANG_WARN_INFINITE_RECURSION = YES;
				CLANG_WARN_INT_CONVERSION = YES;
				CLANG_WARN_NON_LITERAL_NULL_CONVERSION = YES;
				CLANG_WARN_OBJC_IMPLICIT_RETAIN_SELF = YES;
				CLANG_WARN_OBJC_LITERAL_CONVERSION = YES;
				CLANG_WARN_OBJC_ROOT_CLASS = YES_ERROR;
				CLANG_WARN_QUOTED_INCLUDE_IN_FRAMEWORK_HEADER = YES;
				CLANG_WARN_RANGE_LOOP_ANALYSIS = YES;
				CLANG_WARN_STRICT_PROTOTYPES = YES;
				CLANG_WARN_SUSPICIOUS_MOVE = YES;
				CLANG_WARN_UNGUARDED_AVAILABILITY = YES_AGGRESSIVE;
				CLANG_WARN_UNREACHABLE_CODE = YES;
				CLANG_WARN__DUPLICATE_METHOD_MATCH = YES;
				COPY_PHASE_STRIP = NO;
				DEBUG_INFORMATION_FORMAT = dwarf;
				ENABLE_STRICT_OBJC_MSGSEND = YES;
				ENABLE_TESTABILITY = YES;
				GCC_C_LANGUAGE_STANDARD = gnu11;
				GCC_DYNAMIC_NO_PIC = NO;
				GCC_NO_COMMON_BLOCKS = YES;
				GCC_OPTIMIZATION_LEVEL = 0;
				GCC_PREPROCESSOR_DEFINITIONS = (
					"DEBUG=1",
					"$(inherited)",
				);
				GCC_WARN_64_TO_32_BIT_CONVERSION = YES;
				GCC_WARN_ABOUT_RETURN_TYPE = YES_ERROR;
				GCC_WARN_UNDECLARED_SELECTOR = YES;
				GCC_WARN_UNINITIALIZED_AUTOS = YES_AGGRESSIVE;
				GCC_WARN_UNUSED_FUNCTION = YES;
				GCC_WARN_UNUSED_VARIABLE = YES;
				IPHONEOS_DEPLOYMENT_TARGET = 14.5;
				MTL_ENABLE_DEBUG_INFO = INCLUDE_SOURCE;
				MTL_FAST_MATH = YES;
				ONLY_ACTIVE_ARCH = YES;
				SDKROOT = iphoneos;
				SWIFT_ACTIVE_COMPILATION_CONDITIONS = DEBUG;
				SWIFT_OPTIMIZATION_LEVEL = "-Onone";
			};
			name = Debug;
		};
		CE7656542690A93B0052CA49 /* Release */ = {
			isa = XCBuildConfiguration;
			buildSettings = {
				ALWAYS_SEARCH_USER_PATHS = NO;
				CLANG_ANALYZER_NONNULL = YES;
				CLANG_ANALYZER_NUMBER_OBJECT_CONVERSION = YES_AGGRESSIVE;
				CLANG_CXX_LANGUAGE_STANDARD = "gnu++14";
				CLANG_CXX_LIBRARY = "libc++";
				CLANG_ENABLE_MODULES = YES;
				CLANG_ENABLE_OBJC_ARC = YES;
				CLANG_ENABLE_OBJC_WEAK = YES;
				CLANG_WARN_BLOCK_CAPTURE_AUTORELEASING = YES;
				CLANG_WARN_BOOL_CONVERSION = YES;
				CLANG_WARN_COMMA = YES;
				CLANG_WARN_CONSTANT_CONVERSION = YES;
				CLANG_WARN_DEPRECATED_OBJC_IMPLEMENTATIONS = YES;
				CLANG_WARN_DIRECT_OBJC_ISA_USAGE = YES_ERROR;
				CLANG_WARN_DOCUMENTATION_COMMENTS = YES;
				CLANG_WARN_EMPTY_BODY = YES;
				CLANG_WARN_ENUM_CONVERSION = YES;
				CLANG_WARN_INFINITE_RECURSION = YES;
				CLANG_WARN_INT_CONVERSION = YES;
				CLANG_WARN_NON_LITERAL_NULL_CONVERSION = YES;
				CLANG_WARN_OBJC_IMPLICIT_RETAIN_SELF = YES;
				CLANG_WARN_OBJC_LITERAL_CONVERSION = YES;
				CLANG_WARN_OBJC_ROOT_CLASS = YES_ERROR;
				CLANG_WARN_QUOTED_INCLUDE_IN_FRAMEWORK_HEADER = YES;
				CLANG_WARN_RANGE_LOOP_ANALYSIS = YES;
				CLANG_WARN_STRICT_PROTOTYPES = YES;
				CLANG_WARN_SUSPICIOUS_MOVE = YES;
				CLANG_WARN_UNGUARDED_AVAILABILITY = YES_AGGRESSIVE;
				CLANG_WARN_UNREACHABLE_CODE = YES;
				CLANG_WARN__DUPLICATE_METHOD_MATCH = YES;
				COPY_PHASE_STRIP = NO;
				DEBUG_INFORMATION_FORMAT = "dwarf-with-dsym";
				ENABLE_NS_ASSERTIONS = NO;
				ENABLE_STRICT_OBJC_MSGSEND = YES;
				GCC_C_LANGUAGE_STANDARD = gnu11;
				GCC_NO_COMMON_BLOCKS = YES;
				GCC_WARN_64_TO_32_BIT_CONVERSION = YES;
				GCC_WARN_ABOUT_RETURN_TYPE = YES_ERROR;
				GCC_WARN_UNDECLARED_SELECTOR = YES;
				GCC_WARN_UNINITIALIZED_AUTOS = YES_AGGRESSIVE;
				GCC_WARN_UNUSED_FUNCTION = YES;
				GCC_WARN_UNUSED_VARIABLE = YES;
				IPHONEOS_DEPLOYMENT_TARGET = 14.5;
				MTL_ENABLE_DEBUG_INFO = NO;
				MTL_FAST_MATH = YES;
				SDKROOT = iphoneos;
				SWIFT_COMPILATION_MODE = wholemodule;
				SWIFT_OPTIMIZATION_LEVEL = "-O";
				VALIDATE_PRODUCT = YES;
			};
			name = Release;
		};
		CE7656562690A93B0052CA49 /* Debug */ = {
			isa = XCBuildConfiguration;
			buildSettings = {
				ASSETCATALOG_COMPILER_APPICON_NAME = AppIcon;
				ASSETCATALOG_COMPILER_GLOBAL_ACCENT_COLOR_NAME = AccentColor;
				CODE_SIGN_STYLE = Automatic;
				DEVELOPMENT_ASSET_PATHS = "\"SimpleNote/Preview Content\"";
				ENABLE_PREVIEWS = YES;
				INFOPLIST_FILE = SimpleNote/Info.plist;
				IPHONEOS_DEPLOYMENT_TARGET = 14.0;
				LD_RUNPATH_SEARCH_PATHS = (
					"$(inherited)",
					"@executable_path/Frameworks",
				);
				PRODUCT_BUNDLE_IDENTIFIER = com.camcodes.SimpleNote;
				PRODUCT_NAME = "$(TARGET_NAME)";
				SWIFT_VERSION = 5.0;
				TARGETED_DEVICE_FAMILY = "1,2";
			};
			name = Debug;
		};
		CE7656572690A93B0052CA49 /* Release */ = {
			isa = XCBuildConfiguration;
			buildSettings = {
				ASSETCATALOG_COMPILER_APPICON_NAME = AppIcon;
				ASSETCATALOG_COMPILER_GLOBAL_ACCENT_COLOR_NAME = AccentColor;
				CODE_SIGN_STYLE = Automatic;
				DEVELOPMENT_ASSET_PATHS = "\"SimpleNote/Preview Content\"";
				ENABLE_PREVIEWS = YES;
				INFOPLIST_FILE = SimpleNote/Info.plist;
				IPHONEOS_DEPLOYMENT_TARGET = 14.0;
				LD_RUNPATH_SEARCH_PATHS = (
					"$(inherited)",
					"@executable_path/Frameworks",
				);
				PRODUCT_BUNDLE_IDENTIFIER = com.camcodes.SimpleNote;
				PRODUCT_NAME = "$(TARGET_NAME)";
				SWIFT_VERSION = 5.0;
				TARGETED_DEVICE_FAMILY = "1,2";
			};
			name = Release;
		};
/* End XCBuildConfiguration section */

/* Begin XCConfigurationList section */
		CE7656412690A9370052CA49 /* Build configuration list for PBXProject "SimpleNote" */ = {
			isa = XCConfigurationList;
			buildConfigurations = (
				CE7656532690A93B0052CA49 /* Debug */,
				CE7656542690A93B0052CA49 /* Release */,
			);
			defaultConfigurationIsVisible = 0;
			defaultConfigurationName = Release;
		};
		CE7656552690A93B0052CA49 /* Build configuration list for PBXNativeTarget "SimpleNote" */ = {
			isa = XCConfigurationList;
			buildConfigurations = (
				CE7656562690A93B0052CA49 /* Debug */,
				CE7656572690A93B0052CA49 /* Release */,
			);
			defaultConfigurationIsVisible = 0;
			defaultConfigurationName = Release;
		};
/* End XCConfigurationList section */
	};
	rootObject = CE76563E2690A9370052CA49 /* Project object */;
}
